
Microsoft Visual Studio Solution File, Format Version 12.00
# Visual Studio 15
VisualStudioVersion = 15.0.27130.2020
MinimumVisualStudioVersion = 10.0.40219.1
Project("{FAE04EC0-301F-11D3-BF4B-00C04F79EFBC}") = "SkyNoodle.Core", "SkyNoodle.Core\SkyNoodle.Core.csproj", "{7A8D61D9-90B8-44B7-BC76-56624EC06267}"
EndProject
Project("{FAE04EC0-301F-11D3-BF4B-00C04F79EFBC}") = "SkyNoodle.SimpleConsumer", "Examples\SkyNoodle.SimpleConsumer\SkyNoodle.SimpleConsumer.csproj", "{18CDBAA7-CADC-4498-B6A0-920352F2BEE5}"
EndProject
Global
	GlobalSection(SolutionConfigurationPlatforms) = preSolution
		Debug|Any CPU = Debug|Any CPU
		Release|Any CPU = Release|Any CPU
	EndGlobalSection
	GlobalSection(ProjectConfigurationPlatforms) = postSolution
		{7A8D61D9-90B8-44B7-BC76-56624EC06267}.Debug|Any CPU.ActiveCfg = Debug|Any CPU
		{7A8D61D9-90B8-44B7-BC76-56624EC06267}.Debug|Any CPU.Build.0 = Debug|Any CPU
		{7A8D61D9-90B8-44B7-BC76-56624EC06267}.Release|Any CPU.ActiveCfg = Release|Any CPU
		{7A8D61D9-90B8-44B7-BC76-56624EC06267}.Release|Any CPU.Build.0 = Release|Any CPU
		{18CDBAA7-CADC-4498-B6A0-920352F2BEE5}.Debug|Any CPU.ActiveCfg = Debug|Any CPU
		{18CDBAA7-CADC-4498-B6A0-920352F2BEE5}.Debug|Any CPU.Build.0 = Debug|Any CPU
		{18CDBAA7-CADC-4498-B6A0-920352F2BEE5}.Release|Any CPU.ActiveCfg = Release|Any CPU
		{18CDBAA7-CADC-4498-B6A0-920352F2BEE5}.Release|Any CPU.Build.0 = Release|Any CPU
	EndGlobalSection
	GlobalSection(SolutionProperties) = preSolution
		HideSolutionNode = FALSE
	EndGlobalSection
	GlobalSection(ExtensibilityGlobals) = postSolution
		SolutionGuid = {936B65A4-6503-4247-8E61-B7440C4BF93E}
	EndGlobalSection
EndGlobal
